
Microsoft Visual Studio Solution File, Format Version 11.00
# Visual C++ Express 2010
Project("{8BC9CEB8-8B4A-11D0-8D11-00A0C91BC942}") = "EnzLab", "EnzLab\EnzLab.vcxproj", "{E4AF4C1D-10F7-4642-98BF-858164F0779D}"
EndProject
Global
	GlobalSection(SolutionConfigurationPlatforms) = preSolution
		Debug|Win32 = Debug|Win32
		Release|Win32 = Release|Win32
	EndGlobalSection
	GlobalSection(ProjectConfigurationPlatforms) = postSolution
		{E4AF4C1D-10F7-4642-98BF-858164F0779D}.Debug|Win32.ActiveCfg = Debug|Win32
		{E4AF4C1D-10F7-4642-98BF-858164F0779D}.Debug|Win32.Build.0 = Debug|Win32
		{E4AF4C1D-10F7-4642-98BF-858164F0779D}.Release|Win32.ActiveCfg = Release|Win32
		{E4AF4C1D-10F7-4642-98BF-858164F0779D}.Release|Win32.Build.0 = Release|Win32
	EndGlobalSection
	GlobalSection(SolutionProperties) = preSolution
		HideSolutionNode = FALSE
	EndGlobalSection
EndGlobal
