<?xml version="1.0" encoding="utf-8"?>
<Project ToolsVersion="4.0" xmlns="http://schemas.microsoft.com/developer/msbuild/2003">
  <ItemGroup>
    <Filter Include="Source Files">
      <UniqueIdentifier>{4FC737F1-C7A5-4376-A066-2A32D752A2FF}</UniqueIdentifier>
      <Extensions>cpp;c;cc;cxx;def;odl;idl;hpj;bat;asm;asmx</Extensions>
    </Filter>
    <Filter Include="Header Files">
      <UniqueIdentifier>{93995380-89BD-4b04-88EB-625FBE52EBFB}</UniqueIdentifier>
      <Extensions>h;hpp;hxx;hm;inl;inc;xsd</Extensions>
    </Filter>
    <Filter Include="Resource Files">
      <UniqueIdentifier>{67DA6AB6-F800-4c08-8B7A-83BB121AAD01}</UniqueIdentifier>
      <Extensions>rc;ico;cur;bmp;dlg;rc2;rct;bin;rgs;gif;jpg;jpeg;jpe;resx;tiff;tif;png;wav;mfcribbon-ms</Extensions>
    </Filter>
  </ItemGroup>
  <ItemGroup>
    <None Include="ReadMe.txt" />
    <None Include="small.ico">
      <Filter>Resource Files</Filter>
    </None>
    <None Include="EnzLab.ico">
      <Filter>Resource Files</Filter>
    </None>
  </ItemGroup>
  <ItemGroup>
    <ClInclude Include="stdafx.h">
      <Filter>Header Files</Filter>
    </ClInclude>
    <ClInclude Include="targetver.h">
      <Filter>Header Files</Filter>
    </ClInclude>
    <ClInclude Include="Resource.h">
      <Filter>Header Files</Filter>
    </ClInclude>
    <ClInclude Include="EnzLab.h">
      <Filter>Header Files</Filter>
    </ClInclude>
    <ClInclude Include="Func.h">
      <Filter>Header Files</Filter>
    </ClInclude>
    <ClInclude Include="Help.h">
      <Filter>Header Files</Filter>
    </ClInclude>
    <ClInclude Include="D_events.h">
      <Filter>Header Files</Filter>
    </ClInclude>
    <ClInclude Include="Struct.h">
      <Filter>Header Files</Filter>
    </ClInclude>
    <ClInclude Include="Clock.h">
      <Filter>Header Files</Filter>
    </ClInclude>
    <ClInclude Include="Limits.h">
      <Filter>Header Files</Filter>
    </ClInclude>
    <ClInclude Include="D_anlist.h">
      <Filter>Header Files</Filter>
    </ClInclude>
    <ClInclude Include="D_echar.h">
      <Filter>Header Files</Filter>
    </ClInclude>
    <ClInclude Include="D_esoln.h">
      <Filter>Header Files</Filter>
    </ClInclude>
    <ClInclude Include="D_list.h">
      <Filter>Header Files</Filter>
    </ClInclude>
    <ClInclude Include="D_stime.h">
      <Filter>Header Files</Filter>
    </ClInclude>
    <ClInclude Include="Rand.h">
      <Filter>Header Files</Filter>
    </ClInclude>
    <ClInclude Include="Print.h">
      <Filter>Header Files</Filter>
    </ClInclude>
    <ClInclude Include="EZFont.h">
      <Filter>Header Files</Filter>
    </ClInclude>
    <ClInclude Include="Logs.h">
      <Filter>Header Files</Filter>
    </ClInclude>
    <ClInclude Include="Kincalc.h">
      <Filter>Header Files</Filter>
    </ClInclude>
    <ClInclude Include="Graph.h">
      <Filter>Header Files</Filter>
    </ClInclude>
    <ClInclude Include="Linreg.h">
      <Filter>Header Files</Filter>
    </ClInclude>
    <ClInclude Include="Nrc.h">
      <Filter>Header Files</Filter>
    </ClInclude>
  </ItemGroup>
  <ItemGroup>
    <ClCompile Include="stdafx.cpp">
      <Filter>Source Files</Filter>
    </ClCompile>
    <ClCompile Include="EnzLab.cpp">
      <Filter>Source Files</Filter>
    </ClCompile>
    <ClCompile Include="Help.cpp">
      <Filter>Source Files</Filter>
    </ClCompile>
    <ClCompile Include="Expt.cpp">
      <Filter>Source Files</Filter>
    </ClCompile>
    <ClCompile Include="Enzdraw.cpp">
      <Filter>Source Files</Filter>
    </ClCompile>
    <ClCompile Include="Clock.cpp">
      <Filter>Source Files</Filter>
    </ClCompile>
    <ClCompile Include="Rand.cpp">
      <Filter>Source Files</Filter>
    </ClCompile>
    <ClCompile Include="Enz.cpp">
      <Filter>Source Files</Filter>
    </ClCompile>
    <ClCompile Include="Reslist.cpp">
      <Filter>Source Files</Filter>
    </ClCompile>
    <ClCompile Include="EZFont.cpp">
      <Filter>Source Files</Filter>
    </ClCompile>
    <ClCompile Include="Logs.cpp">
      <Filter>Source Files</Filter>
    </ClCompile>
    <ClCompile Include="Print.cpp">
      <Filter>Source Files</Filter>
    </ClCompile>
    <ClCompile Include="Listdraw.cpp">
      <Filter>Source Files</Filter>
    </ClCompile>
    <ClCompile Include="Prec.cpp">
      <Filter>Source Files</Filter>
    </ClCompile>
    <ClCompile Include="Kincalc.cpp">
      <Filter>Source Files</Filter>
    </ClCompile>
    <ClCompile Include="Kindraw.cpp">
      <Filter>Source Files</Filter>
    </ClCompile>
    <ClCompile Include="Kinetics.cpp">
      <Filter>Source Files</Filter>
    </ClCompile>
    <ClCompile Include="Linreg.cpp">
      <Filter>Source Files</Filter>
    </ClCompile>
    <ClCompile Include="Nrc.cpp">
      <Filter>Source Files</Filter>
    </ClCompile>
    <ClCompile Include="Phpdraw.cpp">
      <Filter>Source Files</Filter>
    </ClCompile>
    <ClCompile Include="Phprof.cpp">
      <Filter>Source Files</Filter>
    </ClCompile>
    <ClCompile Include="File.cpp">
      <Filter>Source Files</Filter>
    </ClCompile>
  </ItemGroup>
  <ItemGroup>
    <ResourceCompile Include="EnzLab_en.rc">
      <Filter>Resource Files</Filter>
    </ResourceCompile>
  </ItemGroup>
</Project>